
Microsoft Visual Studio Solution File, Format Version 12.00
# Visual Studio Version 17
Project("{8BC9CEB8-8B4A-11D0-8D11-00A0C91BC942}") = "ALL_BUILD", "ALL_BUILD.vcxproj", "{8DFFF2E0-DFC6-3E23-BC9A-9C92729965EE}"
	ProjectSection(ProjectDependencies) = postProject
		{23BEA138-2E28-3290-AAEE-D582EFEC679B} = {23BEA138-2E28-3290-AAEE-D582EFEC679B}
		{C9A5F1B9-20A9-3808-9DC8-465B69C7C4AC} = {C9A5F1B9-20A9-3808-9DC8-465B69C7C4AC}
		{0488F203-C08D-3096-9433-FE3656AB05BF} = {0488F203-C08D-3096-9433-FE3656AB05BF}
		{ABD169A8-6A14-3876-9F70-4534320EBAE8} = {ABD169A8-6A14-3876-9F70-4534320EBAE8}
		{C2AAE4F7-7206-3B96-B22B-E5E9C5A99452} = {C2AAE4F7-7206-3B96-B22B-E5E9C5A99452}
		{6E8D8B37-5C78-3A69-9007-97B2000BF15E} = {6E8D8B37-5C78-3A69-9007-97B2000BF15E}
		{E0F9D81F-9CD6-3C18-9FCC-5644EDD99A7A} = {E0F9D81F-9CD6-3C18-9FCC-5644EDD99A7A}
		{CD6EEB69-FEE0-3A4A-83DF-81BF0281F3F8} = {CD6EEB69-FEE0-3A4A-83DF-81BF0281F3F8}
		{971A8480-C67C-30E9-BDA9-21A9E0C8CF85} = {971A8480-C67C-30E9-BDA9-21A9E0C8CF85}
		{A71C2807-3947-3DE3-B9F8-09FAAE22BEB0} = {A71C2807-3947-3DE3-B9F8-09FAAE22BEB0}
	EndProjectSection
EndProject
Project("{8BC9CEB8-8B4A-11D0-8D11-00A0C91BC942}") = "INSTALL", "INSTALL.vcxproj", "{6F76E5CA-1425-3804-8550-71598F3203A3}"
	ProjectSection(ProjectDependencies) = postProject
		{8DFFF2E0-DFC6-3E23-BC9A-9C92729965EE} = {8DFFF2E0-DFC6-3E23-BC9A-9C92729965EE}
		{C9A5F1B9-20A9-3808-9DC8-465B69C7C4AC} = {C9A5F1B9-20A9-3808-9DC8-465B69C7C4AC}
	EndProjectSection
EndProject
Project("{8BC9CEB8-8B4A-11D0-8D11-00A0C91BC942}") = "RUN_TESTS", "RUN_TESTS.vcxproj", "{9328E35F-5405-3AF0-BDBD-49E0FDD9664F}"
	ProjectSection(ProjectDependencies) = postProject
		{C9A5F1B9-20A9-3808-9DC8-465B69C7C4AC} = {C9A5F1B9-20A9-3808-9DC8-465B69C7C4AC}
	EndProjectSection
EndProject
Project("{8BC9CEB8-8B4A-11D0-8D11-00A0C91BC942}") = "TestProg", "TestProg.vcxproj", "{23BEA138-2E28-3290-AAEE-D582EFEC679B}"
	ProjectSection(ProjectDependencies) = postProject
		{C9A5F1B9-20A9-3808-9DC8-465B69C7C4AC} = {C9A5F1B9-20A9-3808-9DC8-465B69C7C4AC}
		{0488F203-C08D-3096-9433-FE3656AB05BF} = {0488F203-C08D-3096-9433-FE3656AB05BF}
	EndProjectSection
EndProject
Project("{8BC9CEB8-8B4A-11D0-8D11-00A0C91BC942}") = "ZERO_CHECK", "ZERO_CHECK.vcxproj", "{C9A5F1B9-20A9-3808-9DC8-465B69C7C4AC}"
	ProjectSection(ProjectDependencies) = postProject
	EndProjectSection
EndProject
Project("{8BC9CEB8-8B4A-11D0-8D11-00A0C91BC942}") = "cfitsio", "cfitsio.vcxproj", "{0488F203-C08D-3096-9433-FE3656AB05BF}"
	ProjectSection(ProjectDependencies) = postProject
		{C9A5F1B9-20A9-3808-9DC8-465B69C7C4AC} = {C9A5F1B9-20A9-3808-9DC8-465B69C7C4AC}
	EndProjectSection
EndProject
Project("{8BC9CEB8-8B4A-11D0-8D11-00A0C91BC942}") = "cookbook", "cookbook.vcxproj", "{ABD169A8-6A14-3876-9F70-4534320EBAE8}"
	ProjectSection(ProjectDependencies) = postProject
		{C9A5F1B9-20A9-3808-9DC8-465B69C7C4AC} = {C9A5F1B9-20A9-3808-9DC8-465B69C7C4AC}
		{0488F203-C08D-3096-9433-FE3656AB05BF} = {0488F203-C08D-3096-9433-FE3656AB05BF}
	EndProjectSection
EndProject
Project("{8BC9CEB8-8B4A-11D0-8D11-00A0C91BC942}") = "fitscopy", "fitscopy.vcxproj", "{C2AAE4F7-7206-3B96-B22B-E5E9C5A99452}"
	ProjectSection(ProjectDependencies) = postProject
		{C9A5F1B9-20A9-3808-9DC8-465B69C7C4AC} = {C9A5F1B9-20A9-3808-9DC8-465B69C7C4AC}
		{0488F203-C08D-3096-9433-FE3656AB05BF} = {0488F203-C08D-3096-9433-FE3656AB05BF}
	EndProjectSection
EndProject
Project("{8BC9CEB8-8B4A-11D0-8D11-00A0C91BC942}") = "fitsverify", "fitsverify.vcxproj", "{6E8D8B37-5C78-3A69-9007-97B2000BF15E}"
	ProjectSection(ProjectDependencies) = postProject
		{C9A5F1B9-20A9-3808-9DC8-465B69C7C4AC} = {C9A5F1B9-20A9-3808-9DC8-465B69C7C4AC}
		{0488F203-C08D-3096-9433-FE3656AB05BF} = {0488F203-C08D-3096-9433-FE3656AB05BF}
	EndProjectSection
EndProject
Project("{8BC9CEB8-8B4A-11D0-8D11-00A0C91BC942}") = "fpack", "fpack.vcxproj", "{E0F9D81F-9CD6-3C18-9FCC-5644EDD99A7A}"
	ProjectSection(ProjectDependencies) = postProject
		{C9A5F1B9-20A9-3808-9DC8-465B69C7C4AC} = {C9A5F1B9-20A9-3808-9DC8-465B69C7C4AC}
		{0488F203-C08D-3096-9433-FE3656AB05BF} = {0488F203-C08D-3096-9433-FE3656AB05BF}
	EndProjectSection
EndProject
Project("{8BC9CEB8-8B4A-11D0-8D11-00A0C91BC942}") = "funpack", "funpack.vcxproj", "{CD6EEB69-FEE0-3A4A-83DF-81BF0281F3F8}"
	ProjectSection(ProjectDependencies) = postProject
		{C9A5F1B9-20A9-3808-9DC8-465B69C7C4AC} = {C9A5F1B9-20A9-3808-9DC8-465B69C7C4AC}
		{0488F203-C08D-3096-9433-FE3656AB05BF} = {0488F203-C08D-3096-9433-FE3656AB05BF}
	EndProjectSection
EndProject
Project("{8BC9CEB8-8B4A-11D0-8D11-00A0C91BC942}") = "imcopy", "imcopy.vcxproj", "{971A8480-C67C-30E9-BDA9-21A9E0C8CF85}"
	ProjectSection(ProjectDependencies) = postProject
		{C9A5F1B9-20A9-3808-9DC8-465B69C7C4AC} = {C9A5F1B9-20A9-3808-9DC8-465B69C7C4AC}
		{0488F203-C08D-3096-9433-FE3656AB05BF} = {0488F203-C08D-3096-9433-FE3656AB05BF}
	EndProjectSection
EndProject
Project("{8BC9CEB8-8B4A-11D0-8D11-00A0C91BC942}") = "speed", "speed.vcxproj", "{A71C2807-3947-3DE3-B9F8-09FAAE22BEB0}"
	ProjectSection(ProjectDependencies) = postProject
		{C9A5F1B9-20A9-3808-9DC8-465B69C7C4AC} = {C9A5F1B9-20A9-3808-9DC8-465B69C7C4AC}
		{0488F203-C08D-3096-9433-FE3656AB05BF} = {0488F203-C08D-3096-9433-FE3656AB05BF}
	EndProjectSection
EndProject
Global
	GlobalSection(SolutionConfigurationPlatforms) = preSolution
		Debug|x64 = Debug|x64
		Release|x64 = Release|x64
		MinSizeRel|x64 = MinSizeRel|x64
		RelWithDebInfo|x64 = RelWithDebInfo|x64
	EndGlobalSection
	GlobalSection(ProjectConfigurationPlatforms) = postSolution
		{8DFFF2E0-DFC6-3E23-BC9A-9C92729965EE}.Debug|x64.ActiveCfg = Debug|x64
		{8DFFF2E0-DFC6-3E23-BC9A-9C92729965EE}.Debug|x64.Build.0 = Debug|x64
		{8DFFF2E0-DFC6-3E23-BC9A-9C92729965EE}.Release|x64.ActiveCfg = Release|x64
		{8DFFF2E0-DFC6-3E23-BC9A-9C92729965EE}.Release|x64.Build.0 = Release|x64
		{8DFFF2E0-DFC6-3E23-BC9A-9C92729965EE}.MinSizeRel|x64.ActiveCfg = MinSizeRel|x64
		{8DFFF2E0-DFC6-3E23-BC9A-9C92729965EE}.MinSizeRel|x64.Build.0 = MinSizeRel|x64
		{8DFFF2E0-DFC6-3E23-BC9A-9C92729965EE}.RelWithDebInfo|x64.ActiveCfg = RelWithDebInfo|x64
		{8DFFF2E0-DFC6-3E23-BC9A-9C92729965EE}.RelWithDebInfo|x64.Build.0 = RelWithDebInfo|x64
		{6F76E5CA-1425-3804-8550-71598F3203A3}.Debug|x64.ActiveCfg = Debug|x64
		{6F76E5CA-1425-3804-8550-71598F3203A3}.Release|x64.ActiveCfg = Release|x64
		{6F76E5CA-1425-3804-8550-71598F3203A3}.MinSizeRel|x64.ActiveCfg = MinSizeRel|x64
		{6F76E5CA-1425-3804-8550-71598F3203A3}.RelWithDebInfo|x64.ActiveCfg = RelWithDebInfo|x64
		{9328E35F-5405-3AF0-BDBD-49E0FDD9664F}.Debug|x64.ActiveCfg = Debug|x64
		{9328E35F-5405-3AF0-BDBD-49E0FDD9664F}.Release|x64.ActiveCfg = Release|x64
		{9328E35F-5405-3AF0-BDBD-49E0FDD9664F}.MinSizeRel|x64.ActiveCfg = MinSizeRel|x64
		{9328E35F-5405-3AF0-BDBD-49E0FDD9664F}.RelWithDebInfo|x64.ActiveCfg = RelWithDebInfo|x64
		{23BEA138-2E28-3290-AAEE-D582EFEC679B}.Debug|x64.ActiveCfg = Debug|x64
		{23BEA138-2E28-3290-AAEE-D582EFEC679B}.Debug|x64.Build.0 = Debug|x64
		{23BEA138-2E28-3290-AAEE-D582EFEC679B}.Release|x64.ActiveCfg = Release|x64
		{23BEA138-2E28-3290-AAEE-D582EFEC679B}.Release|x64.Build.0 = Release|x64
		{23BEA138-2E28-3290-AAEE-D582EFEC679B}.MinSizeRel|x64.ActiveCfg = MinSizeRel|x64
		{23BEA138-2E28-3290-AAEE-D582EFEC679B}.MinSizeRel|x64.Build.0 = MinSizeRel|x64
		{23BEA138-2E28-3290-AAEE-D582EFEC679B}.RelWithDebInfo|x64.ActiveCfg = RelWithDebInfo|x64
		{23BEA138-2E28-3290-AAEE-D582EFEC679B}.RelWithDebInfo|x64.Build.0 = RelWithDebInfo|x64
		{C9A5F1B9-20A9-3808-9DC8-465B69C7C4AC}.Debug|x64.ActiveCfg = Debug|x64
		{C9A5F1B9-20A9-3808-9DC8-465B69C7C4AC}.Debug|x64.Build.0 = Debug|x64
		{C9A5F1B9-20A9-3808-9DC8-465B69C7C4AC}.Release|x64.ActiveCfg = Release|x64
		{C9A5F1B9-20A9-3808-9DC8-465B69C7C4AC}.Release|x64.Build.0 = Release|x64
		{C9A5F1B9-20A9-3808-9DC8-465B69C7C4AC}.MinSizeRel|x64.ActiveCfg = MinSizeRel|x64
		{C9A5F1B9-20A9-3808-9DC8-465B69C7C4AC}.MinSizeRel|x64.Build.0 = MinSizeRel|x64
		{C9A5F1B9-20A9-3808-9DC8-465B69C7C4AC}.RelWithDebInfo|x64.ActiveCfg = RelWithDebInfo|x64
		{C9A5F1B9-20A9-3808-9DC8-465B69C7C4AC}.RelWithDebInfo|x64.Build.0 = RelWithDebInfo|x64
		{0488F203-C08D-3096-9433-FE3656AB05BF}.Debug|x64.ActiveCfg = Debug|x64
		{0488F203-C08D-3096-9433-FE3656AB05BF}.Debug|x64.Build.0 = Debug|x64
		{0488F203-C08D-3096-9433-FE3656AB05BF}.Release|x64.ActiveCfg = Release|x64
		{0488F203-C08D-3096-9433-FE3656AB05BF}.Release|x64.Build.0 = Release|x64
		{0488F203-C08D-3096-9433-FE3656AB05BF}.MinSizeRel|x64.ActiveCfg = MinSizeRel|x64
		{0488F203-C08D-3096-9433-FE3656AB05BF}.MinSizeRel|x64.Build.0 = MinSizeRel|x64
		{0488F203-C08D-3096-9433-FE3656AB05BF}.RelWithDebInfo|x64.ActiveCfg = RelWithDebInfo|x64
		{0488F203-C08D-3096-9433-FE3656AB05BF}.RelWithDebInfo|x64.Build.0 = RelWithDebInfo|x64
		{ABD169A8-6A14-3876-9F70-4534320EBAE8}.Debug|x64.ActiveCfg = Debug|x64
		{ABD169A8-6A14-3876-9F70-4534320EBAE8}.Debug|x64.Build.0 = Debug|x64
		{ABD169A8-6A14-3876-9F70-4534320EBAE8}.Release|x64.ActiveCfg = Release|x64
		{ABD169A8-6A14-3876-9F70-4534320EBAE8}.Release|x64.Build.0 = Release|x64
		{ABD169A8-6A14-3876-9F70-4534320EBAE8}.MinSizeRel|x64.ActiveCfg = MinSizeRel|x64
		{ABD169A8-6A14-3876-9F70-4534320EBAE8}.MinSizeRel|x64.Build.0 = MinSizeRel|x64
		{ABD169A8-6A14-3876-9F70-4534320EBAE8}.RelWithDebInfo|x64.ActiveCfg = RelWithDebInfo|x64
		{ABD169A8-6A14-3876-9F70-4534320EBAE8}.RelWithDebInfo|x64.Build.0 = RelWithDebInfo|x64
		{C2AAE4F7-7206-3B96-B22B-E5E9C5A99452}.Debug|x64.ActiveCfg = Debug|x64
		{C2AAE4F7-7206-3B96-B22B-E5E9C5A99452}.Debug|x64.Build.0 = Debug|x64
		{C2AAE4F7-7206-3B96-B22B-E5E9C5A99452}.Release|x64.ActiveCfg = Release|x64
		{C2AAE4F7-7206-3B96-B22B-E5E9C5A99452}.Release|x64.Build.0 = Release|x64
		{C2AAE4F7-7206-3B96-B22B-E5E9C5A99452}.MinSizeRel|x64.ActiveCfg = MinSizeRel|x64
		{C2AAE4F7-7206-3B96-B22B-E5E9C5A99452}.MinSizeRel|x64.Build.0 = MinSizeRel|x64
		{C2AAE4F7-7206-3B96-B22B-E5E9C5A99452}.RelWithDebInfo|x64.ActiveCfg = RelWithDebInfo|x64
		{C2AAE4F7-7206-3B96-B22B-E5E9C5A99452}.RelWithDebInfo|x64.Build.0 = RelWithDebInfo|x64
		{6E8D8B37-5C78-3A69-9007-97B2000BF15E}.Debug|x64.ActiveCfg = Debug|x64
		{6E8D8B37-5C78-3A69-9007-97B2000BF15E}.Debug|x64.Build.0 = Debug|x64
		{6E8D8B37-5C78-3A69-9007-97B2000BF15E}.Release|x64.ActiveCfg = Release|x64
		{6E8D8B37-5C78-3A69-9007-97B2000BF15E}.Release|x64.Build.0 = Release|x64
		{6E8D8B37-5C78-3A69-9007-97B2000BF15E}.MinSizeRel|x64.ActiveCfg = MinSizeRel|x64
		{6E8D8B37-5C78-3A69-9007-97B2000BF15E}.MinSizeRel|x64.Build.0 = MinSizeRel|x64
		{6E8D8B37-5C78-3A69-9007-97B2000BF15E}.RelWithDebInfo|x64.ActiveCfg = RelWithDebInfo|x64
		{6E8D8B37-5C78-3A69-9007-97B2000BF15E}.RelWithDebInfo|x64.Build.0 = RelWithDebInfo|x64
		{E0F9D81F-9CD6-3C18-9FCC-5644EDD99A7A}.Debug|x64.ActiveCfg = Debug|x64
		{E0F9D81F-9CD6-3C18-9FCC-5644EDD99A7A}.Debug|x64.Build.0 = Debug|x64
		{E0F9D81F-9CD6-3C18-9FCC-5644EDD99A7A}.Release|x64.ActiveCfg = Release|x64
		{E0F9D81F-9CD6-3C18-9FCC-5644EDD99A7A}.Release|x64.Build.0 = Release|x64
		{E0F9D81F-9CD6-3C18-9FCC-5644EDD99A7A}.MinSizeRel|x64.ActiveCfg = MinSizeRel|x64
		{E0F9D81F-9CD6-3C18-9FCC-5644EDD99A7A}.MinSizeRel|x64.Build.0 = MinSizeRel|x64
		{E0F9D81F-9CD6-3C18-9FCC-5644EDD99A7A}.RelWithDebInfo|x64.ActiveCfg = RelWithDebInfo|x64
		{E0F9D81F-9CD6-3C18-9FCC-5644EDD99A7A}.RelWithDebInfo|x64.Build.0 = RelWithDebInfo|x64
		{CD6EEB69-FEE0-3A4A-83DF-81BF0281F3F8}.Debug|x64.ActiveCfg = Debug|x64
		{CD6EEB69-FEE0-3A4A-83DF-81BF0281F3F8}.Debug|x64.Build.0 = Debug|x64
		{CD6EEB69-FEE0-3A4A-83DF-81BF0281F3F8}.Release|x64.ActiveCfg = Release|x64
		{CD6EEB69-FEE0-3A4A-83DF-81BF0281F3F8}.Release|x64.Build.0 = Release|x64
		{CD6EEB69-FEE0-3A4A-83DF-81BF0281F3F8}.MinSizeRel|x64.ActiveCfg = MinSizeRel|x64
		{CD6EEB69-FEE0-3A4A-83DF-81BF0281F3F8}.MinSizeRel|x64.Build.0 = MinSizeRel|x64
		{CD6EEB69-FEE0-3A4A-83DF-81BF0281F3F8}.RelWithDebInfo|x64.ActiveCfg = RelWithDebInfo|x64
		{CD6EEB69-FEE0-3A4A-83DF-81BF0281F3F8}.RelWithDebInfo|x64.Build.0 = RelWithDebInfo|x64
		{971A8480-C67C-30E9-BDA9-21A9E0C8CF85}.Debug|x64.ActiveCfg = Debug|x64
		{971A8480-C67C-30E9-BDA9-21A9E0C8CF85}.Debug|x64.Build.0 = Debug|x64
		{971A8480-C67C-30E9-BDA9-21A9E0C8CF85}.Release|x64.ActiveCfg = Release|x64
		{971A8480-C67C-30E9-BDA9-21A9E0C8CF85}.Release|x64.Build.0 = Release|x64
		{971A8480-C67C-30E9-BDA9-21A9E0C8CF85}.MinSizeRel|x64.ActiveCfg = MinSizeRel|x64
		{971A8480-C67C-30E9-BDA9-21A9E0C8CF85}.MinSizeRel|x64.Build.0 = MinSizeRel|x64
		{971A8480-C67C-30E9-BDA9-21A9E0C8CF85}.RelWithDebInfo|x64.ActiveCfg = RelWithDebInfo|x64
		{971A8480-C67C-30E9-BDA9-21A9E0C8CF85}.RelWithDebInfo|x64.Build.0 = RelWithDebInfo|x64
		{A71C2807-3947-3DE3-B9F8-09FAAE22BEB0}.Debug|x64.ActiveCfg = Debug|x64
		{A71C2807-3947-3DE3-B9F8-09FAAE22BEB0}.Debug|x64.Build.0 = Debug|x64
		{A71C2807-3947-3DE3-B9F8-09FAAE22BEB0}.Release|x64.ActiveCfg = Release|x64
		{A71C2807-3947-3DE3-B9F8-09FAAE22BEB0}.Release|x64.Build.0 = Release|x64
		{A71C2807-3947-3DE3-B9F8-09FAAE22BEB0}.MinSizeRel|x64.ActiveCfg = MinSizeRel|x64
		{A71C2807-3947-3DE3-B9F8-09FAAE22BEB0}.MinSizeRel|x64.Build.0 = MinSizeRel|x64
		{A71C2807-3947-3DE3-B9F8-09FAAE22BEB0}.RelWithDebInfo|x64.ActiveCfg = RelWithDebInfo|x64
		{A71C2807-3947-3DE3-B9F8-09FAAE22BEB0}.RelWithDebInfo|x64.Build.0 = RelWithDebInfo|x64
	EndGlobalSection
	GlobalSection(ExtensibilityGlobals) = postSolution
		SolutionGuid = {D5698354-4568-3F8A-8FE0-E0274B575CAB}
	EndGlobalSection
	GlobalSection(ExtensibilityAddIns) = postSolution
	EndGlobalSection
EndGlobal
