<?xml version="1.0" encoding="utf-8"?>
<Project ToolsVersion="17.0" xmlns="http://schemas.microsoft.com/developer/msbuild/2003">
  <ItemGroup>
    <CustomBuild Include="C:\Users\Gus\Documents\VS Code Projects\NINA Canon\build-native\CMakeFiles\4d51cd5d39727a2dec77317c85ddcb48\generate.stamp.rule">
      <Filter>CMake Rules</Filter>
    </CustomBuild>
  </ItemGroup>
  <ItemGroup>
    <Filter Include="CMake Rules">
      <UniqueIdentifier>{3CF21718-A33E-3BBB-AB8C-F9A3570864DF}</UniqueIdentifier>
    </Filter>
  </ItemGroup>
</Project>
